
Microsoft Visual Studio Solution File, Format Version 12.00
# Visual Studio Version 17
VisualStudioVersion = 17.10.34928.147
MinimumVisualStudioVersion = 10.0.40219.1
Project("{888888A0-9F3D-457C-B088-3A5042F75D52}") = "Password generator", "Password generator\Password generator.pyproj", "{3D64D0EF-26F3-45D8-9128-D180981865B9}"
EndProject
Global
	GlobalSection(SolutionConfigurationPlatforms) = preSolution
		Debug|Any CPU = Debug|Any CPU
		Release|Any CPU = Release|Any CPU
	EndGlobalSection
	GlobalSection(ProjectConfigurationPlatforms) = postSolution
		{3D64D0EF-26F3-45D8-9128-D180981865B9}.Debug|Any CPU.ActiveCfg = Debug|Any CPU
		{3D64D0EF-26F3-45D8-9128-D180981865B9}.Release|Any CPU.ActiveCfg = Release|Any CPU
	EndGlobalSection
	GlobalSection(SolutionProperties) = preSolution
		HideSolutionNode = FALSE
	EndGlobalSection
	GlobalSection(ExtensibilityGlobals) = postSolution
		SolutionGuid = {4B9D54A4-807D-4509-9304-9B6A43FFC10B}
	EndGlobalSection
EndGlobal
